
Microsoft Visual Studio Solution File, Format Version 12.00
# Visual Studio 15
VisualStudioVersion = 15.0.28307.779
MinimumVisualStudioVersion = 10.0.40219.1
Project("{FAE04EC0-301F-11D3-BF4B-00C04F79EFBC}") = "Praktika1KURSZada4a5 - 691v", "Praktika1KURSZada4a5 - 691v\Praktika1KURSZada4a5 - 691v.csproj", "{38B20F2C-A4DF-41B5-ABD1-D1A2D3AF5429}"
EndProject
Global
	GlobalSection(SolutionConfigurationPlatforms) = preSolution
		Debug|Any CPU = Debug|Any CPU
		Release|Any CPU = Release|Any CPU
	EndGlobalSection
	GlobalSection(ProjectConfigurationPlatforms) = postSolution
		{38B20F2C-A4DF-41B5-ABD1-D1A2D3AF5429}.Debug|Any CPU.ActiveCfg = Debug|Any CPU
		{38B20F2C-A4DF-41B5-ABD1-D1A2D3AF5429}.Debug|Any CPU.Build.0 = Debug|Any CPU
		{38B20F2C-A4DF-41B5-ABD1-D1A2D3AF5429}.Release|Any CPU.ActiveCfg = Release|Any CPU
		{38B20F2C-A4DF-41B5-ABD1-D1A2D3AF5429}.Release|Any CPU.Build.0 = Release|Any CPU
	EndGlobalSection
	GlobalSection(SolutionProperties) = preSolution
		HideSolutionNode = FALSE
	EndGlobalSection
	GlobalSection(ExtensibilityGlobals) = postSolution
		SolutionGuid = {591E775F-AA35-4803-B1BC-84CF4F374245}
	EndGlobalSection
EndGlobal
