
Microsoft Visual Studio Solution File, Format Version 12.00
# Visual Studio 15
VisualStudioVersion = 15.0.28307.779
MinimumVisualStudioVersion = 10.0.40219.1
Project("{FAE04EC0-301F-11D3-BF4B-00C04F79EFBC}") = "Praktika1KURSZada4a2-313", "Praktika1KURSZada4a2-313\Praktika1KURSZada4a2-313.csproj", "{DB4E6528-E1C4-4032-B93E-9A70D2139F79}"
EndProject
Global
	GlobalSection(SolutionConfigurationPlatforms) = preSolution
		Debug|Any CPU = Debug|Any CPU
		Release|Any CPU = Release|Any CPU
	EndGlobalSection
	GlobalSection(ProjectConfigurationPlatforms) = postSolution
		{DB4E6528-E1C4-4032-B93E-9A70D2139F79}.Debug|Any CPU.ActiveCfg = Debug|Any CPU
		{DB4E6528-E1C4-4032-B93E-9A70D2139F79}.Debug|Any CPU.Build.0 = Debug|Any CPU
		{DB4E6528-E1C4-4032-B93E-9A70D2139F79}.Release|Any CPU.ActiveCfg = Release|Any CPU
		{DB4E6528-E1C4-4032-B93E-9A70D2139F79}.Release|Any CPU.Build.0 = Release|Any CPU
	EndGlobalSection
	GlobalSection(SolutionProperties) = preSolution
		HideSolutionNode = FALSE
	EndGlobalSection
	GlobalSection(ExtensibilityGlobals) = postSolution
		SolutionGuid = {7BA48DB6-0BBB-4EAE-A2EB-E79367AC60AC}
	EndGlobalSection
EndGlobal
